
Microsoft Visual Studio Solution File, Format Version 12.00
# Visual Studio 2013
VisualStudioVersion = 12.0.40629.0
MinimumVisualStudioVersion = 10.0.40219.1
Project("{002A2DE9-8BB6-484D-9802-7E4AD4084715}") = "RJPlayer", "RJPlayer.visualdproj", "{18843753-5610-4C92-9F66-1C77E4DDC7B0}"
EndProject
Global
	GlobalSection(SolutionConfigurationPlatforms) = preSolution
		Debug|Win32 = Debug|Win32
		Release|Win32 = Release|Win32
	EndGlobalSection
	GlobalSection(ProjectConfigurationPlatforms) = postSolution
		{18843753-5610-4C92-9F66-1C77E4DDC7B0}.Debug|Win32.ActiveCfg = Debug|Win32
		{18843753-5610-4C92-9F66-1C77E4DDC7B0}.Debug|Win32.Build.0 = Debug|Win32
		{18843753-5610-4C92-9F66-1C77E4DDC7B0}.Release|Win32.ActiveCfg = Release|Win32
		{18843753-5610-4C92-9F66-1C77E4DDC7B0}.Release|Win32.Build.0 = Release|Win32
	EndGlobalSection
	GlobalSection(SolutionProperties) = preSolution
		HideSolutionNode = FALSE
	EndGlobalSection
EndGlobal
